
Microsoft Visual Studio Solution File, Format Version 12.00
# Visual Studio 2012
Project("{FAE04EC0-301F-11D3-BF4B-00C04F79EFBC}") = "Lab2", "Lab2\Lab2.csproj", "{CCF11D6D-F90C-4A38-B2B1-3A25E0D5F2FD}"
EndProject
Global
	GlobalSection(SolutionConfigurationPlatforms) = preSolution
		Debug|x86 = Debug|x86
		Release|x86 = Release|x86
	EndGlobalSection
	GlobalSection(ProjectConfigurationPlatforms) = postSolution
		{CCF11D6D-F90C-4A38-B2B1-3A25E0D5F2FD}.Debug|x86.ActiveCfg = Debug|x86
		{CCF11D6D-F90C-4A38-B2B1-3A25E0D5F2FD}.Debug|x86.Build.0 = Debug|x86
		{CCF11D6D-F90C-4A38-B2B1-3A25E0D5F2FD}.Release|x86.ActiveCfg = Release|x86
		{CCF11D6D-F90C-4A38-B2B1-3A25E0D5F2FD}.Release|x86.Build.0 = Release|x86
	EndGlobalSection
EndGlobal
